
Microsoft Visual Studio Solution File, Format Version 12.00
# Visual Studio Version 17
VisualStudioVersion = 17.10.35122.118
MinimumVisualStudioVersion = 10.0.40219.1
Project("{FAE04EC0-301F-11D3-BF4B-00C04F79EFBC}") = "HomeApp.UWP", "HomeApp\HomeApp.UWP\HomeApp.UWP.csproj", "{4209F869-6102-4496-A2D8-E9EEE9981273}"
EndProject
Project("{FAE04EC0-301F-11D3-BF4B-00C04F79EFBC}") = "HomeApp.Android", "HomeApp\HomeApp.Android\HomeApp.Android.csproj", "{FA6CC3CB-BBA4-4D4D-A2C7-E5A8CE976CA4}"
EndProject
Project("{FAE04EC0-301F-11D3-BF4B-00C04F79EFBC}") = "HomeApp.iOS", "HomeApp\HomeApp.iOS\HomeApp.iOS.csproj", "{E6E0D68B-FB89-4EC3-A677-B30869BB4691}"
EndProject
Project("{FAE04EC0-301F-11D3-BF4B-00C04F79EFBC}") = "HomeApp", "HomeApp\HomeApp\HomeApp.csproj", "{1E082C01-F1F4-4B04-8FC5-E064FD407235}"
EndProject
Global
	GlobalSection(SolutionConfigurationPlatforms) = preSolution
		Debug|Any CPU = Debug|Any CPU
		Debug|ARM = Debug|ARM
		Debug|iPhone = Debug|iPhone
		Debug|iPhoneSimulator = Debug|iPhoneSimulator
		Debug|x64 = Debug|x64
		Debug|x86 = Debug|x86
		Release|Any CPU = Release|Any CPU
		Release|ARM = Release|ARM
		Release|iPhone = Release|iPhone
		Release|iPhoneSimulator = Release|iPhoneSimulator
		Release|x64 = Release|x64
		Release|x86 = Release|x86
	EndGlobalSection
	GlobalSection(ProjectConfigurationPlatforms) = postSolution
		{4209F869-6102-4496-A2D8-E9EEE9981273}.Debug|Any CPU.ActiveCfg = Debug|x64
		{4209F869-6102-4496-A2D8-E9EEE9981273}.Debug|Any CPU.Build.0 = Debug|x64
		{4209F869-6102-4496-A2D8-E9EEE9981273}.Debug|Any CPU.Deploy.0 = Debug|x64
		{4209F869-6102-4496-A2D8-E9EEE9981273}.Debug|ARM.ActiveCfg = Debug|ARM
		{4209F869-6102-4496-A2D8-E9EEE9981273}.Debug|ARM.Build.0 = Debug|ARM
		{4209F869-6102-4496-A2D8-E9EEE9981273}.Debug|ARM.Deploy.0 = Debug|ARM
		{4209F869-6102-4496-A2D8-E9EEE9981273}.Debug|iPhone.ActiveCfg = Debug|x64
		{4209F869-6102-4496-A2D8-E9EEE9981273}.Debug|iPhone.Build.0 = Debug|x64
		{4209F869-6102-4496-A2D8-E9EEE9981273}.Debug|iPhone.Deploy.0 = Debug|x64
		{4209F869-6102-4496-A2D8-E9EEE9981273}.Debug|iPhoneSimulator.ActiveCfg = Debug|x64
		{4209F869-6102-4496-A2D8-E9EEE9981273}.Debug|iPhoneSimulator.Build.0 = Debug|x64
		{4209F869-6102-4496-A2D8-E9EEE9981273}.Debug|iPhoneSimulator.Deploy.0 = Debug|x64
		{4209F869-6102-4496-A2D8-E9EEE9981273}.Debug|x64.ActiveCfg = Debug|x64
		{4209F869-6102-4496-A2D8-E9EEE9981273}.Debug|x64.Build.0 = Debug|x64
		{4209F869-6102-4496-A2D8-E9EEE9981273}.Debug|x64.Deploy.0 = Debug|x64
		{4209F869-6102-4496-A2D8-E9EEE9981273}.Debug|x86.ActiveCfg = Debug|x86
		{4209F869-6102-4496-A2D8-E9EEE9981273}.Debug|x86.Build.0 = Debug|x86
		{4209F869-6102-4496-A2D8-E9EEE9981273}.Debug|x86.Deploy.0 = Debug|x86
		{4209F869-6102-4496-A2D8-E9EEE9981273}.Release|Any CPU.ActiveCfg = Release|x64
		{4209F869-6102-4496-A2D8-E9EEE9981273}.Release|Any CPU.Build.0 = Release|x64
		{4209F869-6102-4496-A2D8-E9EEE9981273}.Release|Any CPU.Deploy.0 = Release|x64
		{4209F869-6102-4496-A2D8-E9EEE9981273}.Release|ARM.ActiveCfg = Release|ARM
		{4209F869-6102-4496-A2D8-E9EEE9981273}.Release|ARM.Build.0 = Release|ARM
		{4209F869-6102-4496-A2D8-E9EEE9981273}.Release|ARM.Deploy.0 = Release|ARM
		{4209F869-6102-4496-A2D8-E9EEE9981273}.Release|iPhone.ActiveCfg = Release|x64
		{4209F869-6102-4496-A2D8-E9EEE9981273}.Release|iPhone.Build.0 = Release|x64
		{4209F869-6102-4496-A2D8-E9EEE9981273}.Release|iPhone.Deploy.0 = Release|x64
		{4209F869-6102-4496-A2D8-E9EEE9981273}.Release|iPhoneSimulator.ActiveCfg = Release|x64
		{4209F869-6102-4496-A2D8-E9EEE9981273}.Release|iPhoneSimulator.Build.0 = Release|x64
		{4209F869-6102-4496-A2D8-E9EEE9981273}.Release|iPhoneSimulator.Deploy.0 = Release|x64
		{4209F869-6102-4496-A2D8-E9EEE9981273}.Release|x64.ActiveCfg = Release|x64
		{4209F869-6102-4496-A2D8-E9EEE9981273}.Release|x64.Build.0 = Release|x64
		{4209F869-6102-4496-A2D8-E9EEE9981273}.Release|x64.Deploy.0 = Release|x64
		{4209F869-6102-4496-A2D8-E9EEE9981273}.Release|x86.ActiveCfg = Release|x86
		{4209F869-6102-4496-A2D8-E9EEE9981273}.Release|x86.Build.0 = Release|x86
		{4209F869-6102-4496-A2D8-E9EEE9981273}.Release|x86.Deploy.0 = Release|x86
		{FA6CC3CB-BBA4-4D4D-A2C7-E5A8CE976CA4}.Debug|Any CPU.ActiveCfg = Debug|Any CPU
		{FA6CC3CB-BBA4-4D4D-A2C7-E5A8CE976CA4}.Debug|Any CPU.Build.0 = Debug|Any CPU
		{FA6CC3CB-BBA4-4D4D-A2C7-E5A8CE976CA4}.Debug|Any CPU.Deploy.0 = Debug|Any CPU
		{FA6CC3CB-BBA4-4D4D-A2C7-E5A8CE976CA4}.Debug|ARM.ActiveCfg = Debug|Any CPU
		{FA6CC3CB-BBA4-4D4D-A2C7-E5A8CE976CA4}.Debug|ARM.Build.0 = Debug|Any CPU
		{FA6CC3CB-BBA4-4D4D-A2C7-E5A8CE976CA4}.Debug|ARM.Deploy.0 = Debug|Any CPU
		{FA6CC3CB-BBA4-4D4D-A2C7-E5A8CE976CA4}.Debug|iPhone.ActiveCfg = Debug|Any CPU
		{FA6CC3CB-BBA4-4D4D-A2C7-E5A8CE976CA4}.Debug|iPhone.Build.0 = Debug|Any CPU
		{FA6CC3CB-BBA4-4D4D-A2C7-E5A8CE976CA4}.Debug|iPhone.Deploy.0 = Debug|Any CPU
		{FA6CC3CB-BBA4-4D4D-A2C7-E5A8CE976CA4}.Debug|iPhoneSimulator.ActiveCfg = Debug|Any CPU
		{FA6CC3CB-BBA4-4D4D-A2C7-E5A8CE976CA4}.Debug|iPhoneSimulator.Build.0 = Debug|Any CPU
		{FA6CC3CB-BBA4-4D4D-A2C7-E5A8CE976CA4}.Debug|iPhoneSimulator.Deploy.0 = Debug|Any CPU
		{FA6CC3CB-BBA4-4D4D-A2C7-E5A8CE976CA4}.Debug|x64.ActiveCfg = Debug|Any CPU
		{FA6CC3CB-BBA4-4D4D-A2C7-E5A8CE976CA4}.Debug|x64.Build.0 = Debug|Any CPU
		{FA6CC3CB-BBA4-4D4D-A2C7-E5A8CE976CA4}.Debug|x64.Deploy.0 = Debug|Any CPU
		{FA6CC3CB-BBA4-4D4D-A2C7-E5A8CE976CA4}.Debug|x86.ActiveCfg = Debug|Any CPU
		{FA6CC3CB-BBA4-4D4D-A2C7-E5A8CE976CA4}.Debug|x86.Build.0 = Debug|Any CPU
		{FA6CC3CB-BBA4-4D4D-A2C7-E5A8CE976CA4}.Debug|x86.Deploy.0 = Debug|Any CPU
		{FA6CC3CB-BBA4-4D4D-A2C7-E5A8CE976CA4}.Release|Any CPU.ActiveCfg = Release|Any CPU
		{FA6CC3CB-BBA4-4D4D-A2C7-E5A8CE976CA4}.Release|Any CPU.Build.0 = Release|Any CPU
		{FA6CC3CB-BBA4-4D4D-A2C7-E5A8CE976CA4}.Release|Any CPU.Deploy.0 = Release|Any CPU
		{FA6CC3CB-BBA4-4D4D-A2C7-E5A8CE976CA4}.Release|ARM.ActiveCfg = Release|Any CPU
		{FA6CC3CB-BBA4-4D4D-A2C7-E5A8CE976CA4}.Release|ARM.Build.0 = Release|Any CPU
		{FA6CC3CB-BBA4-4D4D-A2C7-E5A8CE976CA4}.Release|ARM.Deploy.0 = Release|Any CPU
		{FA6CC3CB-BBA4-4D4D-A2C7-E5A8CE976CA4}.Release|iPhone.ActiveCfg = Release|Any CPU
		{FA6CC3CB-BBA4-4D4D-A2C7-E5A8CE976CA4}.Release|iPhone.Build.0 = Release|Any CPU
		{FA6CC3CB-BBA4-4D4D-A2C7-E5A8CE976CA4}.Release|iPhone.Deploy.0 = Release|Any CPU
		{FA6CC3CB-BBA4-4D4D-A2C7-E5A8CE976CA4}.Release|iPhoneSimulator.ActiveCfg = Release|Any CPU
		{FA6CC3CB-BBA4-4D4D-A2C7-E5A8CE976CA4}.Release|iPhoneSimulator.Build.0 = Release|Any CPU
		{FA6CC3CB-BBA4-4D4D-A2C7-E5A8CE976CA4}.Release|iPhoneSimulator.Deploy.0 = Release|Any CPU
		{FA6CC3CB-BBA4-4D4D-A2C7-E5A8CE976CA4}.Release|x64.ActiveCfg = Release|Any CPU
		{FA6CC3CB-BBA4-4D4D-A2C7-E5A8CE976CA4}.Release|x64.Build.0 = Release|Any CPU
		{FA6CC3CB-BBA4-4D4D-A2C7-E5A8CE976CA4}.Release|x64.Deploy.0 = Release|Any CPU
		{FA6CC3CB-BBA4-4D4D-A2C7-E5A8CE976CA4}.Release|x86.ActiveCfg = Release|Any CPU
		{FA6CC3CB-BBA4-4D4D-A2C7-E5A8CE976CA4}.Release|x86.Build.0 = Release|Any CPU
		{FA6CC3CB-BBA4-4D4D-A2C7-E5A8CE976CA4}.Release|x86.Deploy.0 = Release|Any CPU
		{E6E0D68B-FB89-4EC3-A677-B30869BB4691}.Debug|Any CPU.ActiveCfg = Debug|iPhoneSimulator
		{E6E0D68B-FB89-4EC3-A677-B30869BB4691}.Debug|Any CPU.Build.0 = Debug|iPhoneSimulator
		{E6E0D68B-FB89-4EC3-A677-B30869BB4691}.Debug|Any CPU.Deploy.0 = Debug|iPhoneSimulator
		{E6E0D68B-FB89-4EC3-A677-B30869BB4691}.Debug|ARM.ActiveCfg = Debug|iPhoneSimulator
		{E6E0D68B-FB89-4EC3-A677-B30869BB4691}.Debug|ARM.Build.0 = Debug|iPhoneSimulator
		{E6E0D68B-FB89-4EC3-A677-B30869BB4691}.Debug|ARM.Deploy.0 = Debug|iPhoneSimulator
		{E6E0D68B-FB89-4EC3-A677-B30869BB4691}.Debug|iPhone.ActiveCfg = Debug|iPhone
		{E6E0D68B-FB89-4EC3-A677-B30869BB4691}.Debug|iPhone.Build.0 = Debug|iPhone
		{E6E0D68B-FB89-4EC3-A677-B30869BB4691}.Debug|iPhone.Deploy.0 = Debug|iPhone
		{E6E0D68B-FB89-4EC3-A677-B30869BB4691}.Debug|iPhoneSimulator.ActiveCfg = Debug|iPhoneSimulator
		{E6E0D68B-FB89-4EC3-A677-B30869BB4691}.Debug|iPhoneSimulator.Build.0 = Debug|iPhoneSimulator
		{E6E0D68B-FB89-4EC3-A677-B30869BB4691}.Debug|iPhoneSimulator.Deploy.0 = Debug|iPhoneSimulator
		{E6E0D68B-FB89-4EC3-A677-B30869BB4691}.Debug|x64.ActiveCfg = Debug|iPhone
		{E6E0D68B-FB89-4EC3-A677-B30869BB4691}.Debug|x64.Build.0 = Debug|iPhone
		{E6E0D68B-FB89-4EC3-A677-B30869BB4691}.Debug|x64.Deploy.0 = Debug|iPhone
		{E6E0D68B-FB89-4EC3-A677-B30869BB4691}.Debug|x86.ActiveCfg = Debug|iPhoneSimulator
		{E6E0D68B-FB89-4EC3-A677-B30869BB4691}.Debug|x86.Build.0 = Debug|iPhoneSimulator
		{E6E0D68B-FB89-4EC3-A677-B30869BB4691}.Debug|x86.Deploy.0 = Debug|iPhoneSimulator
		{E6E0D68B-FB89-4EC3-A677-B30869BB4691}.Release|Any CPU.ActiveCfg = Release|iPhoneSimulator
		{E6E0D68B-FB89-4EC3-A677-B30869BB4691}.Release|Any CPU.Build.0 = Release|iPhoneSimulator
		{E6E0D68B-FB89-4EC3-A677-B30869BB4691}.Release|Any CPU.Deploy.0 = Release|iPhoneSimulator
		{E6E0D68B-FB89-4EC3-A677-B30869BB4691}.Release|ARM.ActiveCfg = Release|iPhoneSimulator
		{E6E0D68B-FB89-4EC3-A677-B30869BB4691}.Release|ARM.Build.0 = Release|iPhoneSimulator
		{E6E0D68B-FB89-4EC3-A677-B30869BB4691}.Release|ARM.Deploy.0 = Release|iPhoneSimulator
		{E6E0D68B-FB89-4EC3-A677-B30869BB4691}.Release|iPhone.ActiveCfg = Release|iPhone
		{E6E0D68B-FB89-4EC3-A677-B30869BB4691}.Release|iPhone.Build.0 = Release|iPhone
		{E6E0D68B-FB89-4EC3-A677-B30869BB4691}.Release|iPhone.Deploy.0 = Release|iPhone
		{E6E0D68B-FB89-4EC3-A677-B30869BB4691}.Release|iPhoneSimulator.ActiveCfg = Release|iPhoneSimulator
		{E6E0D68B-FB89-4EC3-A677-B30869BB4691}.Release|iPhoneSimulator.Build.0 = Release|iPhoneSimulator
		{E6E0D68B-FB89-4EC3-A677-B30869BB4691}.Release|iPhoneSimulator.Deploy.0 = Release|iPhoneSimulator
		{E6E0D68B-FB89-4EC3-A677-B30869BB4691}.Release|x64.ActiveCfg = Release|iPhoneSimulator
		{E6E0D68B-FB89-4EC3-A677-B30869BB4691}.Release|x64.Build.0 = Release|iPhoneSimulator
		{E6E0D68B-FB89-4EC3-A677-B30869BB4691}.Release|x64.Deploy.0 = Release|iPhoneSimulator
		{E6E0D68B-FB89-4EC3-A677-B30869BB4691}.Release|x86.ActiveCfg = Release|iPhoneSimulator
		{E6E0D68B-FB89-4EC3-A677-B30869BB4691}.Release|x86.Build.0 = Release|iPhoneSimulator
		{E6E0D68B-FB89-4EC3-A677-B30869BB4691}.Release|x86.Deploy.0 = Release|iPhoneSimulator
		{1E082C01-F1F4-4B04-8FC5-E064FD407235}.Debug|Any CPU.ActiveCfg = Debug|Any CPU
		{1E082C01-F1F4-4B04-8FC5-E064FD407235}.Debug|Any CPU.Build.0 = Debug|Any CPU
		{1E082C01-F1F4-4B04-8FC5-E064FD407235}.Debug|Any CPU.Deploy.0 = Debug|Any CPU
		{1E082C01-F1F4-4B04-8FC5-E064FD407235}.Debug|ARM.ActiveCfg = Debug|Any CPU
		{1E082C01-F1F4-4B04-8FC5-E064FD407235}.Debug|ARM.Build.0 = Debug|Any CPU
		{1E082C01-F1F4-4B04-8FC5-E064FD407235}.Debug|ARM.Deploy.0 = Debug|Any CPU
		{1E082C01-F1F4-4B04-8FC5-E064FD407235}.Debug|iPhone.ActiveCfg = Debug|Any CPU
		{1E082C01-F1F4-4B04-8FC5-E064FD407235}.Debug|iPhone.Build.0 = Debug|Any CPU
		{1E082C01-F1F4-4B04-8FC5-E064FD407235}.Debug|iPhone.Deploy.0 = Debug|Any CPU
		{1E082C01-F1F4-4B04-8FC5-E064FD407235}.Debug|iPhoneSimulator.ActiveCfg = Debug|Any CPU
		{1E082C01-F1F4-4B04-8FC5-E064FD407235}.Debug|iPhoneSimulator.Build.0 = Debug|Any CPU
		{1E082C01-F1F4-4B04-8FC5-E064FD407235}.Debug|iPhoneSimulator.Deploy.0 = Debug|Any CPU
		{1E082C01-F1F4-4B04-8FC5-E064FD407235}.Debug|x64.ActiveCfg = Debug|Any CPU
		{1E082C01-F1F4-4B04-8FC5-E064FD407235}.Debug|x64.Build.0 = Debug|Any CPU
		{1E082C01-F1F4-4B04-8FC5-E064FD407235}.Debug|x64.Deploy.0 = Debug|Any CPU
		{1E082C01-F1F4-4B04-8FC5-E064FD407235}.Debug|x86.ActiveCfg = Debug|Any CPU
		{1E082C01-F1F4-4B04-8FC5-E064FD407235}.Debug|x86.Build.0 = Debug|Any CPU
		{1E082C01-F1F4-4B04-8FC5-E064FD407235}.Debug|x86.Deploy.0 = Debug|Any CPU
		{1E082C01-F1F4-4B04-8FC5-E064FD407235}.Release|Any CPU.ActiveCfg = Release|Any CPU
		{1E082C01-F1F4-4B04-8FC5-E064FD407235}.Release|Any CPU.Build.0 = Release|Any CPU
		{1E082C01-F1F4-4B04-8FC5-E064FD407235}.Release|Any CPU.Deploy.0 = Release|Any CPU
		{1E082C01-F1F4-4B04-8FC5-E064FD407235}.Release|ARM.ActiveCfg = Release|Any CPU
		{1E082C01-F1F4-4B04-8FC5-E064FD407235}.Release|ARM.Build.0 = Release|Any CPU
		{1E082C01-F1F4-4B04-8FC5-E064FD407235}.Release|ARM.Deploy.0 = Release|Any CPU
		{1E082C01-F1F4-4B04-8FC5-E064FD407235}.Release|iPhone.ActiveCfg = Release|Any CPU
		{1E082C01-F1F4-4B04-8FC5-E064FD407235}.Release|iPhone.Build.0 = Release|Any CPU
		{1E082C01-F1F4-4B04-8FC5-E064FD407235}.Release|iPhone.Deploy.0 = Release|Any CPU
		{1E082C01-F1F4-4B04-8FC5-E064FD407235}.Release|iPhoneSimulator.ActiveCfg = Release|Any CPU
		{1E082C01-F1F4-4B04-8FC5-E064FD407235}.Release|iPhoneSimulator.Build.0 = Release|Any CPU
		{1E082C01-F1F4-4B04-8FC5-E064FD407235}.Release|iPhoneSimulator.Deploy.0 = Release|Any CPU
		{1E082C01-F1F4-4B04-8FC5-E064FD407235}.Release|x64.ActiveCfg = Release|Any CPU
		{1E082C01-F1F4-4B04-8FC5-E064FD407235}.Release|x64.Build.0 = Release|Any CPU
		{1E082C01-F1F4-4B04-8FC5-E064FD407235}.Release|x64.Deploy.0 = Release|Any CPU
		{1E082C01-F1F4-4B04-8FC5-E064FD407235}.Release|x86.ActiveCfg = Release|Any CPU
		{1E082C01-F1F4-4B04-8FC5-E064FD407235}.Release|x86.Build.0 = Release|Any CPU
		{1E082C01-F1F4-4B04-8FC5-E064FD407235}.Release|x86.Deploy.0 = Release|Any CPU
	EndGlobalSection
	GlobalSection(SolutionProperties) = preSolution
		HideSolutionNode = FALSE
	EndGlobalSection
	GlobalSection(ExtensibilityGlobals) = postSolution
		SolutionGuid = {1DB14D7D-DE4F-484E-9746-4A5C2ABE3B17}
	EndGlobalSection
EndGlobal
